{
  "version": 4,
  "terraform_version": "1.11.1",
  "serial": 691,
  "lineage": "3c9a820f-8512-f50f-a70b-c0a17772d492",
  "outputs": {
    "jumpbox_public_ip": {
      "value": "172.190.46.166",
      "type": "string"
    },
    "jumpbox_public_ip_fqdn": {
      "value": "aqqrha-ssh-ssh.eastus.cloudapp.azure.com",
      "type": "string"
    },
    "sqlconnection_info": {
      "value": {
        "database_name": "mydb",
        "private_ip": "10.0.4.4",
        "server_fqdn": "sql-server-aqqrha.database.windows.net",
        "server_name": "sql-server-aqqrha"
      },
      "type": [
        "object",
        {
          "database_name": "string",
          "private_ip": "string",
          "server_fqdn": "string",
          "server_name": "string"
        }
      ],
      "sensitive": true
    },
    "vmss_lb_ip_address": {
      "value": "4.246.218.5",
      "type": "string"
    },
    "vmss_public_ip_fqdn": {
      "value": "aqqrha.eastus.cloudapp.azure.com",
      "type": "string"
    }
  },
  "resources": [
    {
      "mode": "managed",
      "type": "azurerm_resource_group",
      "name": "vmss",
      "provider": "provider[\"registry.terraform.io/hashicorp/azurerm\"]",
      "instances": [
        {
          "schema_version": 0,
          "attributes": {
            "id": "/subscriptions/e111a9c1-acff-455e-b1da-ad40df081436/resourceGroups/myResourceGroup",
            "location": "eastus",
            "managed_by": "",
            "name": "myResourceGroup",
            "tags": {
              "environment": "codelab"
            },
            "timeouts": null
          },
          "sensitive_attributes": [],
          "private": "eyJlMmJmYjczMC1lY2FhLTExZTYtOGY4OC0zNDM2M2JjN2M0YzAiOnsiY3JlYXRlIjo1NDAwMDAwMDAwMDAwLCJkZWxldGUiOjU0MDAwMDAwMDAwMDAsInJlYWQiOjMwMDAwMDAwMDAwMCwidXBkYXRlIjo1NDAwMDAwMDAwMDAwfX0=",
          "create_before_destroy": true
        }
      ]
    },
    {
      "mode": "managed",
      "type": "random_string",
      "name": "fqdn",
      "provider": "provider[\"registry.terraform.io/hashicorp/random\"]",
      "instances": [
        {
          "schema_version": 2,
          "attributes": {
            "id": "aqqrha",
            "keepers": null,
            "length": 6,
            "lower": true,
            "min_lower": 0,
            "min_numeric": 0,
            "min_special": 0,
            "min_upper": 0,
            "number": false,
            "numeric": false,
            "override_special": null,
            "result": "aqqrha",
            "special": false,
            "upper": false
          },
          "sensitive_attributes": [],
          "create_before_destroy": true
        }
      ]
    },
    {
      "module": "module.bastion",
      "mode": "managed",
      "type": "azurerm_network_interface",
      "name": "jumpbox",
      "provider": "provider[\"registry.terraform.io/hashicorp/azurerm\"]",
      "instances": [
        {
          "schema_version": 0,
          "attributes": {
            "accelerated_networking_enabled": false,
            "applied_dns_servers": [],
            "auxiliary_mode": "",
            "auxiliary_sku": "",
            "dns_servers": [],
            "edge_zone": "",
            "id": "/subscriptions/e111a9c1-acff-455e-b1da-ad40df081436/resourceGroups/myResourceGroup/providers/Microsoft.Network/networkInterfaces/jumpbox-nic",
            "internal_dns_name_label": "",
            "internal_domain_name_suffix": "anyj5svoy4tedcm0fauyfwrqlb.bx.internal.cloudapp.net",
            "ip_configuration": [
              {
                "gateway_load_balancer_frontend_ip_configuration_id": "",
                "name": "IPConfiguration",
                "primary": true,
                "private_ip_address": "10.0.2.4",
                "private_ip_address_allocation": "Dynamic",
                "private_ip_address_version": "IPv4",
                "public_ip_address_id": "/subscriptions/e111a9c1-acff-455e-b1da-ad40df081436/resourceGroups/myResourceGroup/providers/Microsoft.Network/publicIPAddresses/jumpbox-public-ip",
                "subnet_id": "/subscriptions/e111a9c1-acff-455e-b1da-ad40df081436/resourceGroups/myResourceGroup/providers/Microsoft.Network/virtualNetworks/vmss-vnet/subnets/vmss-subnet"
              }
            ],
            "ip_forwarding_enabled": false,
            "location": "eastus",
            "mac_address": "00-0D-3A-8A-5F-D8",
            "name": "jumpbox-nic",
            "private_ip_address": "10.0.2.4",
            "private_ip_addresses": [
              "10.0.2.4"
            ],
            "resource_group_name": "myResourceGroup",
            "tags": {
              "environment": "codelab"
            },
            "timeouts": null,
            "virtual_machine_id": "/subscriptions/e111a9c1-acff-455e-b1da-ad40df081436/resourceGroups/myResourceGroup/providers/Microsoft.Compute/virtualMachines/jumpbox"
          },
          "sensitive_attributes": [],
          "private": "eyJlMmJmYjczMC1lY2FhLTExZTYtOGY4OC0zNDM2M2JjN2M0YzAiOnsiY3JlYXRlIjoxODAwMDAwMDAwMDAwLCJkZWxldGUiOjE4MDAwMDAwMDAwMDAsInJlYWQiOjMwMDAwMDAwMDAwMCwidXBkYXRlIjoxODAwMDAwMDAwMDAwfX0=",
          "dependencies": [
            "azurerm_resource_group.vmss",
            "module.bastion.azurerm_public_ip.jumpbox",
            "module.network.azurerm_network_security_group.vmss",
            "module.network.azurerm_subnet.pe",
            "module.network.azurerm_subnet.sql",
            "module.network.azurerm_subnet.vmss",
            "module.network.azurerm_subnet_network_security_group_association.vmss",
            "module.network.azurerm_virtual_network.vmss",
            "random_string.fqdn"
          ]
        }
      ]
    },
    {
      "module": "module.bastion",
      "mode": "managed",
      "type": "azurerm_public_ip",
      "name": "jumpbox",
      "provider": "provider[\"registry.terraform.io/hashicorp/azurerm\"]",
      "instances": [
        {
          "schema_version": 0,
          "attributes": {
            "allocation_method": "Static",
            "ddos_protection_mode": "VirtualNetworkInherited",
            "ddos_protection_plan_id": null,
            "domain_name_label": "aqqrha-ssh-ssh",
            "domain_name_label_scope": "",
            "edge_zone": "",
            "fqdn": "aqqrha-ssh-ssh.eastus.cloudapp.azure.com",
            "id": "/subscriptions/e111a9c1-acff-455e-b1da-ad40df081436/resourceGroups/myResourceGroup/providers/Microsoft.Network/publicIPAddresses/jumpbox-public-ip",
            "idle_timeout_in_minutes": 4,
            "ip_address": "172.190.46.166",
            "ip_tags": {},
            "ip_version": "IPv4",
            "location": "eastus",
            "name": "jumpbox-public-ip",
            "public_ip_prefix_id": null,
            "resource_group_name": "myResourceGroup",
            "reverse_fqdn": "",
            "sku": "Standard",
            "sku_tier": "Regional",
            "tags": {
              "environment": "codelab"
            },
            "timeouts": null,
            "zones": []
          },
          "sensitive_attributes": [],
          "private": "eyJlMmJmYjczMC1lY2FhLTExZTYtOGY4OC0zNDM2M2JjN2M0YzAiOnsiY3JlYXRlIjoxODAwMDAwMDAwMDAwLCJkZWxldGUiOjE4MDAwMDAwMDAwMDAsInJlYWQiOjMwMDAwMDAwMDAwMCwidXBkYXRlIjoxODAwMDAwMDAwMDAwfX0=",
          "dependencies": [
            "azurerm_resource_group.vmss",
            "module.network.azurerm_network_security_group.vmss",
            "module.network.azurerm_subnet.pe",
            "module.network.azurerm_subnet.sql",
            "module.network.azurerm_subnet.vmss",
            "module.network.azurerm_subnet_network_security_group_association.vmss",
            "module.network.azurerm_virtual_network.vmss",
            "random_string.fqdn"
          ]
        }
      ]
    },
    {
      "module": "module.bastion",
      "mode": "managed",
      "type": "azurerm_virtual_machine",
      "name": "jumpbox",
      "provider": "provider[\"registry.terraform.io/hashicorp/azurerm\"]",
      "instances": [
        {
          "schema_version": 0,
          "attributes": {
            "additional_capabilities": [],
            "availability_set_id": null,
            "boot_diagnostics": [],
            "delete_data_disks_on_termination": false,
            "delete_os_disk_on_termination": false,
            "id": "/subscriptions/e111a9c1-acff-455e-b1da-ad40df081436/resourceGroups/myResourceGroup/providers/Microsoft.Compute/virtualMachines/jumpbox",
            "identity": [],
            "license_type": null,
            "location": "eastus",
            "name": "jumpbox",
            "network_interface_ids": [
              "/subscriptions/e111a9c1-acff-455e-b1da-ad40df081436/resourceGroups/myResourceGroup/providers/Microsoft.Network/networkInterfaces/jumpbox-nic"
            ],
            "os_profile": [
              {
                "admin_password": "",
                "admin_username": "azureuser",
                "computer_name": "jumpbox",
                "custom_data": ""
              }
            ],
            "os_profile_linux_config": [
              {
                "disable_password_authentication": false,
                "ssh_keys": []
              }
            ],
            "os_profile_secrets": [],
            "os_profile_windows_config": [],
            "plan": [],
            "primary_network_interface_id": null,
            "proximity_placement_group_id": null,
            "resource_group_name": "myResourceGroup",
            "storage_data_disk": [],
            "storage_image_reference": [
              {
                "id": "",
                "offer": "UbuntuServer",
                "publisher": "Canonical",
                "sku": "16.04-LTS",
                "version": "latest"
              }
            ],
            "storage_os_disk": [
              {
                "caching": "ReadWrite",
                "create_option": "FromImage",
                "disk_size_gb": 30,
                "image_uri": "",
                "managed_disk_id": "/subscriptions/e111a9c1-acff-455e-b1da-ad40df081436/resourceGroups/myResourceGroup/providers/Microsoft.Compute/disks/jumpbox-osdisk",
                "managed_disk_type": "Standard_LRS",
                "name": "jumpbox-osdisk",
                "os_type": "Linux",
                "vhd_uri": "",
                "write_accelerator_enabled": false
              }
            ],
            "tags": {
              "environment": "codelab"
            },
            "timeouts": null,
            "vm_size": "Standard_DS1_v2",
            "zones": []
          },
          "sensitive_attributes": [
            [
              {
                "type": "get_attr",
                "value": "os_profile"
              }
            ]
          ],
          "private": "eyJlMmJmYjczMC1lY2FhLTExZTYtOGY4OC0zNDM2M2JjN2M0YzAiOnsiY3JlYXRlIjozNjAwMDAwMDAwMDAwLCJkZWxldGUiOjM2MDAwMDAwMDAwMDAsInJlYWQiOjMwMDAwMDAwMDAwMCwidXBkYXRlIjozNjAwMDAwMDAwMDAwfX0=",
          "dependencies": [
            "azurerm_resource_group.vmss",
            "module.bastion.azurerm_network_interface.jumpbox",
            "module.bastion.azurerm_public_ip.jumpbox",
            "module.network.azurerm_network_security_group.vmss",
            "module.network.azurerm_subnet.pe",
            "module.network.azurerm_subnet.sql",
            "module.network.azurerm_subnet.vmss",
            "module.network.azurerm_subnet_network_security_group_association.vmss",
            "module.network.azurerm_virtual_network.vmss",
            "random_string.fqdn"
          ]
        }
      ]
    },
    {
      "module": "module.loadbalancer",
      "mode": "managed",
      "type": "azurerm_lb",
      "name": "vmss",
      "provider": "provider[\"registry.terraform.io/hashicorp/azurerm\"]",
      "instances": [
        {
          "schema_version": 0,
          "attributes": {
            "edge_zone": "",
            "frontend_ip_configuration": [
              {
                "gateway_load_balancer_frontend_ip_configuration_id": "",
                "id": "/subscriptions/e111a9c1-acff-455e-b1da-ad40df081436/resourceGroups/myResourceGroup/providers/Microsoft.Network/loadBalancers/vmss-lb/frontendIPConfigurations/PublicIPAddress",
                "inbound_nat_rules": [],
                "load_balancer_rules": [
                  "/subscriptions/e111a9c1-acff-455e-b1da-ad40df081436/resourceGroups/myResourceGroup/providers/Microsoft.Network/loadBalancers/vmss-lb/loadBalancingRules/http"
                ],
                "name": "PublicIPAddress",
                "outbound_rules": [],
                "private_ip_address": "",
                "private_ip_address_allocation": "Dynamic",
                "private_ip_address_version": "",
                "public_ip_address_id": "/subscriptions/e111a9c1-acff-455e-b1da-ad40df081436/resourceGroups/myResourceGroup/providers/Microsoft.Network/publicIPAddresses/vmss-public-ip",
                "public_ip_prefix_id": "",
                "subnet_id": "",
                "zones": []
              }
            ],
            "id": "/subscriptions/e111a9c1-acff-455e-b1da-ad40df081436/resourceGroups/myResourceGroup/providers/Microsoft.Network/loadBalancers/vmss-lb",
            "location": "eastus",
            "name": "vmss-lb",
            "private_ip_address": "",
            "private_ip_addresses": [],
            "resource_group_name": "myResourceGroup",
            "sku": "Standard",
            "sku_tier": "Regional",
            "tags": {
              "environment": "codelab"
            },
            "timeouts": null
          },
          "sensitive_attributes": [],
          "private": "eyJlMmJmYjczMC1lY2FhLTExZTYtOGY4OC0zNDM2M2JjN2M0YzAiOnsiY3JlYXRlIjoxODAwMDAwMDAwMDAwLCJkZWxldGUiOjE4MDAwMDAwMDAwMDAsInJlYWQiOjMwMDAwMDAwMDAwMCwidXBkYXRlIjoxODAwMDAwMDAwMDAwfX0=",
          "dependencies": [
            "azurerm_resource_group.vmss",
            "module.loadbalancer.azurerm_public_ip.vmss",
            "module.network.azurerm_network_security_group.vmss",
            "module.network.azurerm_subnet.pe",
            "module.network.azurerm_subnet.sql",
            "module.network.azurerm_subnet.vmss",
            "module.network.azurerm_subnet_network_security_group_association.vmss",
            "module.network.azurerm_virtual_network.vmss",
            "random_string.fqdn"
          ]
        }
      ]
    },
    {
      "module": "module.loadbalancer",
      "mode": "managed",
      "type": "azurerm_lb_backend_address_pool",
      "name": "bpepool",
      "provider": "provider[\"registry.terraform.io/hashicorp/azurerm\"]",
      "instances": [
        {
          "schema_version": 0,
          "attributes": {
            "backend_ip_configurations": [
              "/subscriptions/e111a9c1-acff-455e-b1da-ad40df081436/resourceGroups/myResourceGroup/providers/Microsoft.Compute/virtualMachineScaleSets/vmscaleset/virtualMachines/1/networkInterfaces/vmssnic/ipConfigurations/internal",
              "/subscriptions/e111a9c1-acff-455e-b1da-ad40df081436/resourceGroups/myResourceGroup/providers/Microsoft.Compute/virtualMachineScaleSets/vmscaleset/virtualMachines/2/networkInterfaces/vmssnic/ipConfigurations/internal"
            ],
            "id": "/subscriptions/e111a9c1-acff-455e-b1da-ad40df081436/resourceGroups/myResourceGroup/providers/Microsoft.Network/loadBalancers/vmss-lb/backendAddressPools/BackEndAddressPool",
            "inbound_nat_rules": [],
            "load_balancing_rules": [
              "/subscriptions/e111a9c1-acff-455e-b1da-ad40df081436/resourceGroups/myResourceGroup/providers/Microsoft.Network/loadBalancers/vmss-lb/loadBalancingRules/http"
            ],
            "loadbalancer_id": "/subscriptions/e111a9c1-acff-455e-b1da-ad40df081436/resourceGroups/myResourceGroup/providers/Microsoft.Network/loadBalancers/vmss-lb",
            "name": "BackEndAddressPool",
            "outbound_rules": [],
            "synchronous_mode": "",
            "timeouts": null,
            "tunnel_interface": [],
            "virtual_network_id": ""
          },
          "sensitive_attributes": [],
          "private": "eyJlMmJmYjczMC1lY2FhLTExZTYtOGY4OC0zNDM2M2JjN2M0YzAiOnsiY3JlYXRlIjoxODAwMDAwMDAwMDAwLCJkZWxldGUiOjE4MDAwMDAwMDAwMDAsInJlYWQiOjMwMDAwMDAwMDAwMCwidXBkYXRlIjoxODAwMDAwMDAwMDAwfX0=",
          "dependencies": [
            "azurerm_resource_group.vmss",
            "module.loadbalancer.azurerm_lb.vmss",
            "module.loadbalancer.azurerm_public_ip.vmss",
            "module.network.azurerm_network_security_group.vmss",
            "module.network.azurerm_subnet.pe",
            "module.network.azurerm_subnet.sql",
            "module.network.azurerm_subnet.vmss",
            "module.network.azurerm_subnet_network_security_group_association.vmss",
            "module.network.azurerm_virtual_network.vmss",
            "random_string.fqdn"
          ]
        }
      ]
    },
    {
      "module": "module.loadbalancer",
      "mode": "managed",
      "type": "azurerm_lb_probe",
      "name": "vmss",
      "provider": "provider[\"registry.terraform.io/hashicorp/azurerm\"]",
      "instances": [
        {
          "schema_version": 0,
          "attributes": {
            "id": "/subscriptions/e111a9c1-acff-455e-b1da-ad40df081436/resourceGroups/myResourceGroup/providers/Microsoft.Network/loadBalancers/vmss-lb/probes/http-running-probe",
            "interval_in_seconds": 5,
            "load_balancer_rules": [
              "/subscriptions/e111a9c1-acff-455e-b1da-ad40df081436/resourceGroups/myResourceGroup/providers/Microsoft.Network/loadBalancers/vmss-lb/loadBalancingRules/http"
            ],
            "loadbalancer_id": "/subscriptions/e111a9c1-acff-455e-b1da-ad40df081436/resourceGroups/myResourceGroup/providers/Microsoft.Network/loadBalancers/vmss-lb",
            "name": "http-running-probe",
            "number_of_probes": 2,
            "port": 80,
            "probe_threshold": 1,
            "protocol": "Tcp",
            "request_path": "",
            "timeouts": null
          },
          "sensitive_attributes": [],
          "private": "eyJlMmJmYjczMC1lY2FhLTExZTYtOGY4OC0zNDM2M2JjN2M0YzAiOnsiY3JlYXRlIjoxODAwMDAwMDAwMDAwLCJkZWxldGUiOjE4MDAwMDAwMDAwMDAsInJlYWQiOjMwMDAwMDAwMDAwMCwidXBkYXRlIjoxODAwMDAwMDAwMDAwfX0=",
          "dependencies": [
            "azurerm_resource_group.vmss",
            "module.loadbalancer.azurerm_lb.vmss",
            "module.loadbalancer.azurerm_public_ip.vmss",
            "module.network.azurerm_network_security_group.vmss",
            "module.network.azurerm_subnet.pe",
            "module.network.azurerm_subnet.sql",
            "module.network.azurerm_subnet.vmss",
            "module.network.azurerm_subnet_network_security_group_association.vmss",
            "module.network.azurerm_virtual_network.vmss",
            "random_string.fqdn"
          ]
        }
      ]
    },
    {
      "module": "module.loadbalancer",
      "mode": "managed",
      "type": "azurerm_lb_rule",
      "name": "lbnatrule",
      "provider": "provider[\"registry.terraform.io/hashicorp/azurerm\"]",
      "instances": [
        {
          "schema_version": 0,
          "attributes": {
            "backend_address_pool_ids": [
              "/subscriptions/e111a9c1-acff-455e-b1da-ad40df081436/resourceGroups/myResourceGroup/providers/Microsoft.Network/loadBalancers/vmss-lb/backendAddressPools/BackEndAddressPool"
            ],
            "backend_port": 80,
            "disable_outbound_snat": false,
            "enable_floating_ip": false,
            "enable_tcp_reset": false,
            "frontend_ip_configuration_id": "/subscriptions/e111a9c1-acff-455e-b1da-ad40df081436/resourceGroups/myResourceGroup/providers/Microsoft.Network/loadBalancers/vmss-lb/frontendIPConfigurations/PublicIPAddress",
            "frontend_ip_configuration_name": "PublicIPAddress",
            "frontend_port": 80,
            "id": "/subscriptions/e111a9c1-acff-455e-b1da-ad40df081436/resourceGroups/myResourceGroup/providers/Microsoft.Network/loadBalancers/vmss-lb/loadBalancingRules/http",
            "idle_timeout_in_minutes": 4,
            "load_distribution": "Default",
            "loadbalancer_id": "/subscriptions/e111a9c1-acff-455e-b1da-ad40df081436/resourceGroups/myResourceGroup/providers/Microsoft.Network/loadBalancers/vmss-lb",
            "name": "http",
            "probe_id": "/subscriptions/e111a9c1-acff-455e-b1da-ad40df081436/resourceGroups/myResourceGroup/providers/Microsoft.Network/loadBalancers/vmss-lb/probes/http-running-probe",
            "protocol": "Tcp",
            "timeouts": null
          },
          "sensitive_attributes": [],
          "private": "eyJlMmJmYjczMC1lY2FhLTExZTYtOGY4OC0zNDM2M2JjN2M0YzAiOnsiY3JlYXRlIjoxODAwMDAwMDAwMDAwLCJkZWxldGUiOjE4MDAwMDAwMDAwMDAsInJlYWQiOjMwMDAwMDAwMDAwMCwidXBkYXRlIjoxODAwMDAwMDAwMDAwfX0=",
          "dependencies": [
            "azurerm_resource_group.vmss",
            "module.loadbalancer.azurerm_lb.vmss",
            "module.loadbalancer.azurerm_lb_backend_address_pool.bpepool",
            "module.loadbalancer.azurerm_lb_probe.vmss",
            "module.loadbalancer.azurerm_public_ip.vmss",
            "module.network.azurerm_network_security_group.vmss",
            "module.network.azurerm_subnet.pe",
            "module.network.azurerm_subnet.sql",
            "module.network.azurerm_subnet.vmss",
            "module.network.azurerm_subnet_network_security_group_association.vmss",
            "module.network.azurerm_virtual_network.vmss",
            "random_string.fqdn"
          ]
        }
      ]
    },
    {
      "module": "module.loadbalancer",
      "mode": "managed",
      "type": "azurerm_public_ip",
      "name": "vmss",
      "provider": "provider[\"registry.terraform.io/hashicorp/azurerm\"]",
      "instances": [
        {
          "schema_version": 0,
          "attributes": {
            "allocation_method": "Static",
            "ddos_protection_mode": "VirtualNetworkInherited",
            "ddos_protection_plan_id": null,
            "domain_name_label": "aqqrha",
            "domain_name_label_scope": "",
            "edge_zone": "",
            "fqdn": "aqqrha.eastus.cloudapp.azure.com",
            "id": "/subscriptions/e111a9c1-acff-455e-b1da-ad40df081436/resourceGroups/myResourceGroup/providers/Microsoft.Network/publicIPAddresses/vmss-public-ip",
            "idle_timeout_in_minutes": 4,
            "ip_address": "4.246.218.5",
            "ip_tags": {},
            "ip_version": "IPv4",
            "location": "eastus",
            "name": "vmss-public-ip",
            "public_ip_prefix_id": null,
            "resource_group_name": "myResourceGroup",
            "reverse_fqdn": "",
            "sku": "Standard",
            "sku_tier": "Regional",
            "tags": {
              "environment": "codelab"
            },
            "timeouts": null,
            "zones": []
          },
          "sensitive_attributes": [],
          "private": "eyJlMmJmYjczMC1lY2FhLTExZTYtOGY4OC0zNDM2M2JjN2M0YzAiOnsiY3JlYXRlIjoxODAwMDAwMDAwMDAwLCJkZWxldGUiOjE4MDAwMDAwMDAwMDAsInJlYWQiOjMwMDAwMDAwMDAwMCwidXBkYXRlIjoxODAwMDAwMDAwMDAwfX0=",
          "dependencies": [
            "azurerm_resource_group.vmss",
            "module.network.azurerm_network_security_group.vmss",
            "module.network.azurerm_subnet.pe",
            "module.network.azurerm_subnet.sql",
            "module.network.azurerm_subnet.vmss",
            "module.network.azurerm_subnet_network_security_group_association.vmss",
            "module.network.azurerm_virtual_network.vmss",
            "random_string.fqdn"
          ]
        }
      ]
    },
    {
      "module": "module.network",
      "mode": "managed",
      "type": "azurerm_network_security_group",
      "name": "vmss",
      "provider": "provider[\"registry.terraform.io/hashicorp/azurerm\"]",
      "instances": [
        {
          "schema_version": 0,
          "attributes": {
            "id": "/subscriptions/e111a9c1-acff-455e-b1da-ad40df081436/resourceGroups/myResourceGroup/providers/Microsoft.Network/networkSecurityGroups/vmss-nsg",
            "location": "eastus",
            "name": "vmss-nsg",
            "resource_group_name": "myResourceGroup",
            "security_rule": [
              {
                "access": "Allow",
                "description": "",
                "destination_address_prefix": "*",
                "destination_address_prefixes": [],
                "destination_application_security_group_ids": [],
                "destination_port_range": "22",
                "destination_port_ranges": [],
                "direction": "Inbound",
                "name": "allow_ssh",
                "priority": 1002,
                "protocol": "Tcp",
                "source_address_prefix": "*",
                "source_address_prefixes": [],
                "source_application_security_group_ids": [],
                "source_port_range": "*",
                "source_port_ranges": []
              },
              {
                "access": "Allow",
                "description": "",
                "destination_address_prefix": "*",
                "destination_address_prefixes": [],
                "destination_application_security_group_ids": [],
                "destination_port_range": "80",
                "destination_port_ranges": [],
                "direction": "Inbound",
                "name": "allow_http",
                "priority": 1001,
                "protocol": "Tcp",
                "source_address_prefix": "*",
                "source_address_prefixes": [],
                "source_application_security_group_ids": [],
                "source_port_range": "*",
                "source_port_ranges": []
              }
            ],
            "tags": {
              "environment": "codelab"
            },
            "timeouts": null
          },
          "sensitive_attributes": [],
          "private": "eyJlMmJmYjczMC1lY2FhLTExZTYtOGY4OC0zNDM2M2JjN2M0YzAiOnsiY3JlYXRlIjoxODAwMDAwMDAwMDAwLCJkZWxldGUiOjE4MDAwMDAwMDAwMDAsInJlYWQiOjMwMDAwMDAwMDAwMCwidXBkYXRlIjoxODAwMDAwMDAwMDAwfX0=",
          "dependencies": [
            "azurerm_resource_group.vmss"
          ],
          "create_before_destroy": true
        }
      ]
    },
    {
      "module": "module.network",
      "mode": "managed",
      "type": "azurerm_subnet",
      "name": "pe",
      "provider": "provider[\"registry.terraform.io/hashicorp/azurerm\"]",
      "instances": [
        {
          "schema_version": 0,
          "attributes": {
            "address_prefixes": [
              "10.0.4.0/24"
            ],
            "default_outbound_access_enabled": true,
            "delegation": [],
            "id": "/subscriptions/e111a9c1-acff-455e-b1da-ad40df081436/resourceGroups/myResourceGroup/providers/Microsoft.Network/virtualNetworks/vmss-vnet/subnets/pe-subnet",
            "name": "pe-subnet",
            "private_endpoint_network_policies": "Disabled",
            "private_link_service_network_policies_enabled": true,
            "resource_group_name": "myResourceGroup",
            "service_endpoint_policy_ids": [],
            "service_endpoints": [],
            "timeouts": null,
            "virtual_network_name": "vmss-vnet"
          },
          "sensitive_attributes": [],
          "private": "eyJlMmJmYjczMC1lY2FhLTExZTYtOGY4OC0zNDM2M2JjN2M0YzAiOnsiY3JlYXRlIjoxODAwMDAwMDAwMDAwLCJkZWxldGUiOjE4MDAwMDAwMDAwMDAsInJlYWQiOjMwMDAwMDAwMDAwMCwidXBkYXRlIjoxODAwMDAwMDAwMDAwfX0=",
          "dependencies": [
            "azurerm_resource_group.vmss",
            "module.network.azurerm_virtual_network.vmss"
          ],
          "create_before_destroy": true
        }
      ]
    },
    {
      "module": "module.network",
      "mode": "managed",
      "type": "azurerm_subnet",
      "name": "sql",
      "provider": "provider[\"registry.terraform.io/hashicorp/azurerm\"]",
      "instances": [
        {
          "schema_version": 0,
          "attributes": {
            "address_prefixes": [
              "10.0.3.0/24"
            ],
            "default_outbound_access_enabled": true,
            "delegation": [],
            "id": "/subscriptions/e111a9c1-acff-455e-b1da-ad40df081436/resourceGroups/myResourceGroup/providers/Microsoft.Network/virtualNetworks/vmss-vnet/subnets/sql-subnet",
            "name": "sql-subnet",
            "private_endpoint_network_policies": "Disabled",
            "private_link_service_network_policies_enabled": true,
            "resource_group_name": "myResourceGroup",
            "service_endpoint_policy_ids": [],
            "service_endpoints": [],
            "timeouts": null,
            "virtual_network_name": "vmss-vnet"
          },
          "sensitive_attributes": [],
          "private": "eyJlMmJmYjczMC1lY2FhLTExZTYtOGY4OC0zNDM2M2JjN2M0YzAiOnsiY3JlYXRlIjoxODAwMDAwMDAwMDAwLCJkZWxldGUiOjE4MDAwMDAwMDAwMDAsInJlYWQiOjMwMDAwMDAwMDAwMCwidXBkYXRlIjoxODAwMDAwMDAwMDAwfX0=",
          "dependencies": [
            "azurerm_resource_group.vmss",
            "module.network.azurerm_virtual_network.vmss"
          ],
          "create_before_destroy": true
        }
      ]
    },
    {
      "module": "module.network",
      "mode": "managed",
      "type": "azurerm_subnet",
      "name": "vmss",
      "provider": "provider[\"registry.terraform.io/hashicorp/azurerm\"]",
      "instances": [
        {
          "schema_version": 0,
          "attributes": {
            "address_prefixes": [
              "10.0.2.0/24"
            ],
            "default_outbound_access_enabled": true,
            "delegation": [],
            "id": "/subscriptions/e111a9c1-acff-455e-b1da-ad40df081436/resourceGroups/myResourceGroup/providers/Microsoft.Network/virtualNetworks/vmss-vnet/subnets/vmss-subnet",
            "name": "vmss-subnet",
            "private_endpoint_network_policies": "Disabled",
            "private_link_service_network_policies_enabled": true,
            "resource_group_name": "myResourceGroup",
            "service_endpoint_policy_ids": [],
            "service_endpoints": [],
            "timeouts": null,
            "virtual_network_name": "vmss-vnet"
          },
          "sensitive_attributes": [],
          "private": "eyJlMmJmYjczMC1lY2FhLTExZTYtOGY4OC0zNDM2M2JjN2M0YzAiOnsiY3JlYXRlIjoxODAwMDAwMDAwMDAwLCJkZWxldGUiOjE4MDAwMDAwMDAwMDAsInJlYWQiOjMwMDAwMDAwMDAwMCwidXBkYXRlIjoxODAwMDAwMDAwMDAwfX0=",
          "dependencies": [
            "azurerm_resource_group.vmss",
            "module.network.azurerm_virtual_network.vmss"
          ],
          "create_before_destroy": true
        }
      ]
    },
    {
      "module": "module.network",
      "mode": "managed",
      "type": "azurerm_subnet_network_security_group_association",
      "name": "vmss",
      "provider": "provider[\"registry.terraform.io/hashicorp/azurerm\"]",
      "instances": [
        {
          "schema_version": 0,
          "attributes": {
            "id": "/subscriptions/e111a9c1-acff-455e-b1da-ad40df081436/resourceGroups/myResourceGroup/providers/Microsoft.Network/virtualNetworks/vmss-vnet/subnets/vmss-subnet",
            "network_security_group_id": "/subscriptions/e111a9c1-acff-455e-b1da-ad40df081436/resourceGroups/myResourceGroup/providers/Microsoft.Network/networkSecurityGroups/vmss-nsg",
            "subnet_id": "/subscriptions/e111a9c1-acff-455e-b1da-ad40df081436/resourceGroups/myResourceGroup/providers/Microsoft.Network/virtualNetworks/vmss-vnet/subnets/vmss-subnet",
            "timeouts": null
          },
          "sensitive_attributes": [],
          "private": "eyJlMmJmYjczMC1lY2FhLTExZTYtOGY4OC0zNDM2M2JjN2M0YzAiOnsiY3JlYXRlIjoxODAwMDAwMDAwMDAwLCJkZWxldGUiOjE4MDAwMDAwMDAwMDAsInJlYWQiOjMwMDAwMDAwMDAwMH19",
          "dependencies": [
            "azurerm_resource_group.vmss",
            "module.network.azurerm_network_security_group.vmss",
            "module.network.azurerm_subnet.vmss",
            "module.network.azurerm_virtual_network.vmss"
          ],
          "create_before_destroy": true
        }
      ]
    },
    {
      "module": "module.network",
      "mode": "managed",
      "type": "azurerm_virtual_network",
      "name": "vmss",
      "provider": "provider[\"registry.terraform.io/hashicorp/azurerm\"]",
      "instances": [
        {
          "schema_version": 0,
          "attributes": {
            "address_space": [
              "10.0.0.0/16"
            ],
            "bgp_community": "",
            "ddos_protection_plan": [],
            "dns_servers": [],
            "edge_zone": "",
            "encryption": [],
            "flow_timeout_in_minutes": 0,
            "guid": "ca9f7003-c7ae-41a6-899a-282982da3059",
            "id": "/subscriptions/e111a9c1-acff-455e-b1da-ad40df081436/resourceGroups/myResourceGroup/providers/Microsoft.Network/virtualNetworks/vmss-vnet",
            "location": "eastus",
            "name": "vmss-vnet",
            "private_endpoint_vnet_policies": "Disabled",
            "resource_group_name": "myResourceGroup",
            "subnet": [
              {
                "address_prefixes": [
                  "10.0.2.0/24"
                ],
                "default_outbound_access_enabled": true,
                "delegation": [],
                "id": "/subscriptions/e111a9c1-acff-455e-b1da-ad40df081436/resourceGroups/myResourceGroup/providers/Microsoft.Network/virtualNetworks/vmss-vnet/subnets/vmss-subnet",
                "name": "vmss-subnet",
                "private_endpoint_network_policies": "Disabled",
                "private_link_service_network_policies_enabled": true,
                "route_table_id": "",
                "security_group": "/subscriptions/e111a9c1-acff-455e-b1da-ad40df081436/resourceGroups/myResourceGroup/providers/Microsoft.Network/networkSecurityGroups/vmss-nsg",
                "service_endpoint_policy_ids": [],
                "service_endpoints": []
              },
              {
                "address_prefixes": [
                  "10.0.3.0/24"
                ],
                "default_outbound_access_enabled": true,
                "delegation": [],
                "id": "/subscriptions/e111a9c1-acff-455e-b1da-ad40df081436/resourceGroups/myResourceGroup/providers/Microsoft.Network/virtualNetworks/vmss-vnet/subnets/sql-subnet",
                "name": "sql-subnet",
                "private_endpoint_network_policies": "Disabled",
                "private_link_service_network_policies_enabled": true,
                "route_table_id": "",
                "security_group": "",
                "service_endpoint_policy_ids": [],
                "service_endpoints": []
              },
              {
                "address_prefixes": [
                  "10.0.4.0/24"
                ],
                "default_outbound_access_enabled": true,
                "delegation": [],
                "id": "/subscriptions/e111a9c1-acff-455e-b1da-ad40df081436/resourceGroups/myResourceGroup/providers/Microsoft.Network/virtualNetworks/vmss-vnet/subnets/pe-subnet",
                "name": "pe-subnet",
                "private_endpoint_network_policies": "Disabled",
                "private_link_service_network_policies_enabled": true,
                "route_table_id": "",
                "security_group": "",
                "service_endpoint_policy_ids": [],
                "service_endpoints": []
              }
            ],
            "tags": {
              "environment": "codelab"
            },
            "timeouts": null
          },
          "sensitive_attributes": [],
          "private": "eyJlMmJmYjczMC1lY2FhLTExZTYtOGY4OC0zNDM2M2JjN2M0YzAiOnsiY3JlYXRlIjoxODAwMDAwMDAwMDAwLCJkZWxldGUiOjE4MDAwMDAwMDAwMDAsInJlYWQiOjMwMDAwMDAwMDAwMCwidXBkYXRlIjoxODAwMDAwMDAwMDAwfX0=",
          "dependencies": [
            "azurerm_resource_group.vmss"
          ],
          "create_before_destroy": true
        }
      ]
    },
    {
      "module": "module.sqlserver",
      "mode": "managed",
      "type": "azurerm_mssql_database",
      "name": "db",
      "provider": "provider[\"registry.terraform.io/hashicorp/azurerm\"]",
      "instances": [
        {
          "schema_version": 1,
          "attributes": {
            "auto_pause_delay_in_minutes": 0,
            "collation": "SQL_Latin1_General_CP1_CI_AS",
            "create_mode": "Default",
            "creation_source_database_id": null,
            "elastic_pool_id": "",
            "enclave_type": "",
            "geo_backup_enabled": true,
            "id": "/subscriptions/e111a9c1-acff-455e-b1da-ad40df081436/resourceGroups/myResourceGroup/providers/Microsoft.Sql/servers/sql-server-aqqrha/databases/mydb",
            "identity": [],
            "import": [],
            "ledger_enabled": false,
            "license_type": "LicenseIncluded",
            "long_term_retention_policy": [
              {
                "immutable_backups_enabled": false,
                "monthly_retention": "PT0S",
                "week_of_year": 1,
                "weekly_retention": "PT0S",
                "yearly_retention": "PT0S"
              }
            ],
            "maintenance_configuration_name": "SQL_Default",
            "max_size_gb": 2,
            "min_capacity": 0,
            "name": "mydb",
            "read_replica_count": 0,
            "read_scale": false,
            "recover_database_id": null,
            "recovery_point_id": null,
            "restore_dropped_database_id": null,
            "restore_long_term_retention_backup_id": null,
            "restore_point_in_time": null,
            "sample_name": null,
            "secondary_type": "",
            "server_id": "/subscriptions/e111a9c1-acff-455e-b1da-ad40df081436/resourceGroups/myResourceGroup/providers/Microsoft.Sql/servers/sql-server-aqqrha",
            "short_term_retention_policy": [
              {
                "backup_interval_in_hours": 24,
                "retention_days": 7
              }
            ],
            "sku_name": "Basic",
            "storage_account_type": "Geo",
            "tags": {
              "environment": "codelab"
            },
            "threat_detection_policy": [
              {
                "disabled_alerts": [],
                "email_account_admins": "Disabled",
                "email_addresses": [],
                "retention_days": 0,
                "state": "Disabled",
                "storage_account_access_key": "",
                "storage_endpoint": ""
              }
            ],
            "timeouts": null,
            "transparent_data_encryption_enabled": true,
            "transparent_data_encryption_key_automatic_rotation_enabled": false,
            "transparent_data_encryption_key_vault_key_id": "",
            "zone_redundant": false
          },
          "sensitive_attributes": [
            [
              {
                "type": "get_attr",
                "value": "threat_detection_policy"
              },
              {
                "type": "index",
                "value": {
                  "value": 0,
                  "type": "number"
                }
              },
              {
                "type": "get_attr",
                "value": "storage_account_access_key"
              }
            ]
          ],
          "private": "eyJlMmJmYjczMC1lY2FhLTExZTYtOGY4OC0zNDM2M2JjN2M0YzAiOnsiY3JlYXRlIjozNjAwMDAwMDAwMDAwLCJkZWxldGUiOjM2MDAwMDAwMDAwMDAsInJlYWQiOjMwMDAwMDAwMDAwMCwidXBkYXRlIjozNjAwMDAwMDAwMDAwfSwic2NoZW1hX3ZlcnNpb24iOiIxIn0=",
          "dependencies": [
            "azurerm_resource_group.vmss",
            "module.network.azurerm_network_security_group.vmss",
            "module.network.azurerm_subnet.pe",
            "module.network.azurerm_subnet.sql",
            "module.network.azurerm_subnet.vmss",
            "module.network.azurerm_subnet_network_security_group_association.vmss",
            "module.network.azurerm_virtual_network.vmss",
            "module.sqlserver.azurerm_mssql_server.sql",
            "random_string.fqdn"
          ]
        }
      ]
    },
    {
      "module": "module.sqlserver",
      "mode": "managed",
      "type": "azurerm_mssql_server",
      "name": "sql",
      "provider": "provider[\"registry.terraform.io/hashicorp/azurerm\"]",
      "instances": [
        {
          "schema_version": 0,
          "attributes": {
            "administrator_login": "sqladmin",
            "administrator_login_password": "SQL@dmin123!",
            "administrator_login_password_wo": null,
            "administrator_login_password_wo_version": 0,
            "azuread_administrator": [],
            "connection_policy": "Default",
            "fully_qualified_domain_name": "sql-server-aqqrha.database.windows.net",
            "id": "/subscriptions/e111a9c1-acff-455e-b1da-ad40df081436/resourceGroups/myResourceGroup/providers/Microsoft.Sql/servers/sql-server-aqqrha",
            "identity": [
              {
                "identity_ids": [],
                "principal_id": "e91a3a72-ebc8-4c84-87ea-5e7bb39bf673",
                "tenant_id": "d921c5b6-5cda-4e91-9136-95fff0de3522",
                "type": "SystemAssigned"
              }
            ],
            "location": "eastus",
            "minimum_tls_version": "1.2",
            "name": "sql-server-aqqrha",
            "outbound_network_restriction_enabled": false,
            "primary_user_assigned_identity_id": "",
            "public_network_access_enabled": false,
            "resource_group_name": "myResourceGroup",
            "restorable_dropped_database_ids": [],
            "tags": {
              "environment": "codelab"
            },
            "timeouts": {
              "create": "2h",
              "delete": "2h",
              "read": null,
              "update": null
            },
            "transparent_data_encryption_key_vault_key_id": "",
            "version": "12.0"
          },
          "sensitive_attributes": [
            [
              {
                "type": "get_attr",
                "value": "administrator_login_password_wo"
              }
            ],
            [
              {
                "type": "get_attr",
                "value": "administrator_login_password"
              }
            ]
          ],
          "private": "eyJlMmJmYjczMC1lY2FhLTExZTYtOGY4OC0zNDM2M2JjN2M0YzAiOnsiY3JlYXRlIjo3MjAwMDAwMDAwMDAwLCJkZWxldGUiOjcyMDAwMDAwMDAwMDAsInJlYWQiOjMwMDAwMDAwMDAwMCwidXBkYXRlIjozNjAwMDAwMDAwMDAwfX0=",
          "dependencies": [
            "azurerm_resource_group.vmss",
            "module.network.azurerm_network_security_group.vmss",
            "module.network.azurerm_subnet.pe",
            "module.network.azurerm_subnet.sql",
            "module.network.azurerm_subnet.vmss",
            "module.network.azurerm_subnet_network_security_group_association.vmss",
            "module.network.azurerm_virtual_network.vmss",
            "random_string.fqdn"
          ],
          "create_before_destroy": true
        }
      ]
    },
    {
      "module": "module.sqlserver",
      "mode": "managed",
      "type": "azurerm_private_dns_zone",
      "name": "sqldb",
      "provider": "provider[\"registry.terraform.io/hashicorp/azurerm\"]",
      "instances": [
        {
          "schema_version": 0,
          "attributes": {
            "id": "/subscriptions/e111a9c1-acff-455e-b1da-ad40df081436/resourceGroups/myResourceGroup/providers/Microsoft.Network/privateDnsZones/privatelink.database.windows.net",
            "max_number_of_record_sets": 25000,
            "max_number_of_virtual_network_links": 1000,
            "max_number_of_virtual_network_links_with_registration": 100,
            "name": "privatelink.database.windows.net",
            "number_of_record_sets": 2,
            "resource_group_name": "myResourceGroup",
            "soa_record": [
              {
                "email": "azureprivatedns-host.microsoft.com",
                "expire_time": 2419200,
                "fqdn": "privatelink.database.windows.net.",
                "host_name": "azureprivatedns.net",
                "minimum_ttl": 10,
                "refresh_time": 3600,
                "retry_time": 300,
                "serial_number": 1,
                "tags": {},
                "ttl": 3600
              }
            ],
            "tags": {},
            "timeouts": null
          },
          "sensitive_attributes": [],
          "private": "eyJlMmJmYjczMC1lY2FhLTExZTYtOGY4OC0zNDM2M2JjN2M0YzAiOnsiY3JlYXRlIjoxODAwMDAwMDAwMDAwLCJkZWxldGUiOjE4MDAwMDAwMDAwMDAsInJlYWQiOjMwMDAwMDAwMDAwMCwidXBkYXRlIjoxODAwMDAwMDAwMDAwfX0=",
          "dependencies": [
            "azurerm_resource_group.vmss",
            "module.network.azurerm_network_security_group.vmss",
            "module.network.azurerm_subnet.pe",
            "module.network.azurerm_subnet.sql",
            "module.network.azurerm_subnet.vmss",
            "module.network.azurerm_subnet_network_security_group_association.vmss",
            "module.network.azurerm_virtual_network.vmss"
          ]
        }
      ]
    },
    {
      "module": "module.sqlserver",
      "mode": "managed",
      "type": "azurerm_private_dns_zone_virtual_network_link",
      "name": "sqldb",
      "provider": "provider[\"registry.terraform.io/hashicorp/azurerm\"]",
      "instances": [
        {
          "schema_version": 0,
          "attributes": {
            "id": "/subscriptions/e111a9c1-acff-455e-b1da-ad40df081436/resourceGroups/myResourceGroup/providers/Microsoft.Network/privateDnsZones/privatelink.database.windows.net/virtualNetworkLinks/sqldb-link",
            "name": "sqldb-link",
            "private_dns_zone_name": "privatelink.database.windows.net",
            "registration_enabled": false,
            "resource_group_name": "myResourceGroup",
            "tags": {},
            "timeouts": null,
            "virtual_network_id": "/subscriptions/e111a9c1-acff-455e-b1da-ad40df081436/resourceGroups/myResourceGroup/providers/Microsoft.Network/virtualNetworks/vmss-vnet"
          },
          "sensitive_attributes": [],
          "private": "eyJlMmJmYjczMC1lY2FhLTExZTYtOGY4OC0zNDM2M2JjN2M0YzAiOnsiY3JlYXRlIjoxODAwMDAwMDAwMDAwLCJkZWxldGUiOjE4MDAwMDAwMDAwMDAsInJlYWQiOjMwMDAwMDAwMDAwMCwidXBkYXRlIjoxODAwMDAwMDAwMDAwfX0=",
          "dependencies": [
            "azurerm_resource_group.vmss",
            "module.network.azurerm_network_security_group.vmss",
            "module.network.azurerm_subnet.pe",
            "module.network.azurerm_subnet.sql",
            "module.network.azurerm_subnet.vmss",
            "module.network.azurerm_subnet_network_security_group_association.vmss",
            "module.network.azurerm_virtual_network.vmss",
            "module.sqlserver.azurerm_private_dns_zone.sqldb"
          ]
        }
      ]
    },
    {
      "module": "module.sqlserver",
      "mode": "managed",
      "type": "azurerm_private_endpoint",
      "name": "sql",
      "provider": "provider[\"registry.terraform.io/hashicorp/azurerm\"]",
      "instances": [
        {
          "schema_version": 0,
          "attributes": {
            "custom_dns_configs": [],
            "custom_network_interface_name": "",
            "id": "/subscriptions/e111a9c1-acff-455e-b1da-ad40df081436/resourceGroups/myResourceGroup/providers/Microsoft.Network/privateEndpoints/sql-private-endpoint",
            "ip_configuration": [],
            "location": "eastus",
            "name": "sql-private-endpoint",
            "network_interface": [
              {
                "id": "/subscriptions/e111a9c1-acff-455e-b1da-ad40df081436/resourceGroups/myResourceGroup/providers/Microsoft.Network/networkInterfaces/sql-private-endpoint.nic.a0b5d8eb-e34f-4c2b-be2b-b463ebe29191",
                "name": "sql-private-endpoint.nic.a0b5d8eb-e34f-4c2b-be2b-b463ebe29191"
              }
            ],
            "private_dns_zone_configs": [
              {
                "id": "/subscriptions/e111a9c1-acff-455e-b1da-ad40df081436/resourceGroups/myResourceGroup/providers/Microsoft.Network/privateEndpoints/sql-private-endpoint/privateDnsZoneGroups/default/privateDnsZoneConfigs/privatelink.database.windows.net",
                "name": "privatelink.database.windows.net",
                "private_dns_zone_id": "/subscriptions/e111a9c1-acff-455e-b1da-ad40df081436/resourceGroups/myResourceGroup/providers/Microsoft.Network/privateDnsZones/privatelink.database.windows.net",
                "record_sets": [
                  {
                    "fqdn": "sql-server-aqqrha.privatelink.database.windows.net",
                    "ip_addresses": [
                      "10.0.4.4"
                    ],
                    "name": "sql-server-aqqrha",
                    "ttl": 10,
                    "type": "A"
                  }
                ]
              }
            ],
            "private_dns_zone_group": [
              {
                "id": "/subscriptions/e111a9c1-acff-455e-b1da-ad40df081436/resourceGroups/myResourceGroup/providers/Microsoft.Network/privateEndpoints/sql-private-endpoint/privateDnsZoneGroups/default",
                "name": "default",
                "private_dns_zone_ids": [
                  "/subscriptions/e111a9c1-acff-455e-b1da-ad40df081436/resourceGroups/myResourceGroup/providers/Microsoft.Network/privateDnsZones/privatelink.database.windows.net"
                ]
              }
            ],
            "private_service_connection": [
              {
                "is_manual_connection": false,
                "name": "sql-private-connection",
                "private_connection_resource_alias": "",
                "private_connection_resource_id": "/subscriptions/e111a9c1-acff-455e-b1da-ad40df081436/resourceGroups/myResourceGroup/providers/Microsoft.Sql/servers/sql-server-aqqrha",
                "private_ip_address": "10.0.4.4",
                "request_message": "",
                "subresource_names": [
                  "sqlServer"
                ]
              }
            ],
            "resource_group_name": "myResourceGroup",
            "subnet_id": "/subscriptions/e111a9c1-acff-455e-b1da-ad40df081436/resourceGroups/myResourceGroup/providers/Microsoft.Network/virtualNetworks/vmss-vnet/subnets/pe-subnet",
            "tags": {
              "environment": "codelab"
            },
            "timeouts": null
          },
          "sensitive_attributes": [],
          "private": "eyJlMmJmYjczMC1lY2FhLTExZTYtOGY4OC0zNDM2M2JjN2M0YzAiOnsiY3JlYXRlIjozNjAwMDAwMDAwMDAwLCJkZWxldGUiOjM2MDAwMDAwMDAwMDAsInJlYWQiOjMwMDAwMDAwMDAwMCwidXBkYXRlIjozNjAwMDAwMDAwMDAwfX0=",
          "dependencies": [
            "azurerm_resource_group.vmss",
            "module.network.azurerm_network_security_group.vmss",
            "module.network.azurerm_subnet.pe",
            "module.network.azurerm_subnet.sql",
            "module.network.azurerm_subnet.vmss",
            "module.network.azurerm_subnet_network_security_group_association.vmss",
            "module.network.azurerm_virtual_network.vmss",
            "module.sqlserver.azurerm_mssql_server.sql",
            "module.sqlserver.azurerm_private_dns_zone.sqldb",
            "random_string.fqdn"
          ]
        }
      ]
    },
    {
      "module": "module.vmss",
      "mode": "managed",
      "type": "azurerm_linux_virtual_machine_scale_set",
      "name": "vmss",
      "provider": "provider[\"registry.terraform.io/hashicorp/azurerm\"]",
      "instances": [
        {
          "schema_version": 0,
          "attributes": {
            "additional_capabilities": [],
            "admin_password": "Test@123",
            "admin_ssh_key": [],
            "admin_username": "azureuser",
            "automatic_instance_repair": [],
            "automatic_os_upgrade_policy": [],
            "boot_diagnostics": [],
            "capacity_reservation_group_id": "",
            "computer_name_prefix": "vmscaleset",
            "custom_data": "IyEvYmluL2Jhc2gKICAgIAojIEluc3RhbGwgbmdpbngKYXB0LWdldCB1cGRhdGUgJiYgYXB0LWdldCBpbnN0YWxsIC15IG5naW54CnN5c3RlbWN0bCBzdGFydCBuZ2lueApzeXN0ZW1jdGwgZW5hYmxlIG5naW54CgojIEluc3RhbGwgU1FMIENvbW1hbmQgTGluZSBUb29scwpta2RpciAtcCAvZXRjL2FwdC9rZXlyaW5ncwpjdXJsIC1mc1NMIGh0dHBzOi8vcGFja2FnZXMubWljcm9zb2Z0LmNvbS9rZXlzL21pY3Jvc29mdC5hc2MgfCBncGcgLS1kZWFybW9yIC1vIC9ldGMvYXB0L2tleXJpbmdzL21pY3Jvc29mdC5ncGcKZWNobyAiZGViIFthcmNoPWFtZDY0LGFybWhmLGFybTY0IHNpZ25lZC1ieT0vZXRjL2FwdC9rZXlyaW5ncy9taWNyb3NvZnQuZ3BnXSBodHRwczovL3BhY2thZ2VzLm1pY3Jvc29mdC5jb20vdWJ1bnR1LzIyLjA0L3Byb2QgamFtbXkgbWFpbiIgXAp8IHRlZSAvZXRjL2FwdC9zb3VyY2VzLmxpc3QuZC9taWNyb3NvZnQtcHJvZC5saXN0CmFwdC1nZXQgdXBkYXRlCkFDQ0VQVF9FVUxBPVkgYXB0LWdldCBpbnN0YWxsIC15IG1zc3FsLXRvb2xzMTggdW5peG9kYmMtZGV2CgojIEFkZCBTUUwgVG9vbHMgdG8gUEFUSCBhbmQgc2V0IHRydXN0IGNlcnRpZmljYXRlCmVjaG8gJ2V4cG9ydCBQQVRIPSIkUEFUSDovb3B0L21zc3FsLXRvb2xzMTgvYmluIicgPj4gL2V0Yy9iYXNoLmJhc2hyYwplY2hvICdleHBvcnQgUEFUSD0iJFBBVEg6L29wdC9tc3NxbC10b29sczE4L2JpbiInID4+IC9ldGMvcHJvZmlsZQplY2hvICdleHBvcnQgU1FMQ01EVFJVU1Q9WUVTJyA+PiAvZXRjL2Jhc2guYmFzaHJjCmVjaG8gJ2V4cG9ydCBTUUxDTURUUlVTVD1ZRVMnID4+IC9ldGMvcHJvZmlsZQoKIyBDcmVhdGUgb2RiYy5pbmkgd2l0aCBTU0wgY29uZmlndXJhdGlvbgpjYXQgPiAvZXRjL29kYmMuaW5pIDw8ICdFT0wnCltPREJDIERyaXZlciAxOCBmb3IgU1FMIFNlcnZlcl0KRHJpdmVyID0gT0RCQyBEcml2ZXIgMTggZm9yIFNRTCBTZXJ2ZXIKVHJ1c3RTZXJ2ZXJDZXJ0aWZpY2F0ZSA9IFllcwpFT0wK",
            "data_disk": [],
            "disable_password_authentication": false,
            "do_not_run_extensions_on_overprovisioned_machines": false,
            "edge_zone": "",
            "encryption_at_host_enabled": false,
            "eviction_policy": "",
            "extension": [],
            "extension_operations_enabled": true,
            "extensions_time_budget": "PT1H30M",
            "gallery_application": [],
            "health_probe_id": "",
            "host_group_id": null,
            "id": "/subscriptions/e111a9c1-acff-455e-b1da-ad40df081436/resourceGroups/myResourceGroup/providers/Microsoft.Compute/virtualMachineScaleSets/vmscaleset",
            "identity": [],
            "instances": 2,
            "location": "eastus",
            "max_bid_price": -1,
            "name": "vmscaleset",
            "network_interface": [
              {
                "dns_servers": [],
                "enable_accelerated_networking": false,
                "enable_ip_forwarding": false,
                "ip_configuration": [
                  {
                    "application_gateway_backend_address_pool_ids": [],
                    "application_security_group_ids": [],
                    "load_balancer_backend_address_pool_ids": [
                      "/subscriptions/e111a9c1-acff-455e-b1da-ad40df081436/resourceGroups/myResourceGroup/providers/Microsoft.Network/loadBalancers/vmss-lb/backendAddressPools/BackEndAddressPool"
                    ],
                    "load_balancer_inbound_nat_rules_ids": [],
                    "name": "internal",
                    "primary": true,
                    "public_ip_address": [],
                    "subnet_id": "/subscriptions/e111a9c1-acff-455e-b1da-ad40df081436/resourceGroups/myResourceGroup/providers/Microsoft.Network/virtualNetworks/vmss-vnet/subnets/vmss-subnet",
                    "version": "IPv4"
                  }
                ],
                "name": "vmssnic",
                "network_security_group_id": "",
                "primary": true
              }
            ],
            "os_disk": [
              {
                "caching": "ReadWrite",
                "diff_disk_settings": [],
                "disk_encryption_set_id": "",
                "disk_size_gb": 30,
                "secure_vm_disk_encryption_set_id": "",
                "security_encryption_type": "",
                "storage_account_type": "Standard_LRS",
                "write_accelerator_enabled": false
              }
            ],
            "overprovision": true,
            "plan": [],
            "platform_fault_domain_count": 5,
            "priority": "Regular",
            "provision_vm_agent": true,
            "proximity_placement_group_id": "",
            "resource_group_name": "myResourceGroup",
            "rolling_upgrade_policy": [],
            "scale_in": [],
            "secret": [],
            "secure_boot_enabled": false,
            "single_placement_group": true,
            "sku": "Standard_DS1_v2",
            "source_image_id": "",
            "source_image_reference": [
              {
                "offer": "0001-com-ubuntu-server-jammy",
                "publisher": "Canonical",
                "sku": "22_04-lts",
                "version": "latest"
              }
            ],
            "spot_restore": [],
            "tags": {
              "environment": "codelab"
            },
            "termination_notification": [],
            "timeouts": null,
            "unique_id": "24abe9bb-fa37-4d24-802b-0cf066cb3408",
            "upgrade_mode": "Manual",
            "user_data": "",
            "vtpm_enabled": false,
            "zone_balance": false,
            "zones": []
          },
          "sensitive_attributes": [
            [
              {
                "type": "get_attr",
                "value": "admin_password"
              }
            ],
            [
              {
                "type": "get_attr",
                "value": "custom_data"
              }
            ]
          ],
          "private": "eyJlMmJmYjczMC1lY2FhLTExZTYtOGY4OC0zNDM2M2JjN2M0YzAiOnsiY3JlYXRlIjozNjAwMDAwMDAwMDAwLCJkZWxldGUiOjM2MDAwMDAwMDAwMDAsInJlYWQiOjMwMDAwMDAwMDAwMCwidXBkYXRlIjozNjAwMDAwMDAwMDAwfX0=",
          "dependencies": [
            "azurerm_resource_group.vmss",
            "module.loadbalancer.azurerm_lb.vmss",
            "module.loadbalancer.azurerm_lb_backend_address_pool.bpepool",
            "module.loadbalancer.azurerm_lb_probe.vmss",
            "module.loadbalancer.azurerm_lb_rule.lbnatrule",
            "module.loadbalancer.azurerm_public_ip.vmss",
            "module.network.azurerm_network_security_group.vmss",
            "module.network.azurerm_subnet.pe",
            "module.network.azurerm_subnet.sql",
            "module.network.azurerm_subnet.vmss",
            "module.network.azurerm_subnet_network_security_group_association.vmss",
            "module.network.azurerm_virtual_network.vmss",
            "random_string.fqdn"
          ]
        }
      ]
    }
  ],
  "check_results": null
}
